
Microsoft Visual Studio Solution File, Format Version 12.00
# Visual Studio Version 17
VisualStudioVersion = 17.4.33213.308
MinimumVisualStudioVersion = 10.0.40219.1
Project("{9A19103F-16F7-4668-BE54-9A1E7A4F7556}") = "Foodify", "Foodify\Foodify.csproj", "{67C8CEDD-2412-431D-AB44-B86AEA5E11D4}"
EndProject
Global
	GlobalSection(SolutionConfigurationPlatforms) = preSolution
		Debug|Any CPU = Debug|Any CPU
		Release|Any CPU = Release|Any CPU
	EndGlobalSection
	GlobalSection(ProjectConfigurationPlatforms) = postSolution
		{67C8CEDD-2412-431D-AB44-B86AEA5E11D4}.Debug|Any CPU.ActiveCfg = Debug|Any CPU
		{67C8CEDD-2412-431D-AB44-B86AEA5E11D4}.Debug|Any CPU.Build.0 = Debug|Any CPU
		{67C8CEDD-2412-431D-AB44-B86AEA5E11D4}.Release|Any CPU.ActiveCfg = Release|Any CPU
		{67C8CEDD-2412-431D-AB44-B86AEA5E11D4}.Release|Any CPU.Build.0 = Release|Any CPU
	EndGlobalSection
	GlobalSection(SolutionProperties) = preSolution
		HideSolutionNode = FALSE
	EndGlobalSection
	GlobalSection(ExtensibilityGlobals) = postSolution
		SolutionGuid = {592A3344-A91A-4FFC-9411-E6C3B2E38971}
	EndGlobalSection
EndGlobal
